dependencies:
- name: postgresql
  repository: https://charts.bitnami.com/bitnami
  version: 10.3.7
- name: common
  repository: https://charts.bitnami.com/bitnami
  version: 1.4.1
digest: sha256:fcd3e904ba2ba5df7600007ec93e1693e5687315c65a95b2b49afc4345858476
generated: "2021-03-01T23:42:30.052375+01:00"
