dependencies:
- name: postgresql
  repository: https://charts.bitnami.com/bitnami
  version: 10.10.3
- name: common
  repository: https://charts.bitnami.com/bitnami
  version: 1.11.1
digest: sha256:45202a64e7741d9fe338e2745f4bac9801bfe87f9b078789a07769f7c7ae340c
generated: "2022-02-22T00:06:56.838455+01:00"
